// !$*UTF8*$!
{
	archiveVersion = 1;
	classes = {
	};
	objectVersion = 46;
	objects = {

/* Begin PBXBuildFile section */
		6C01F0911C7ABABD00BD5760 /* myCell.xib in Resources */ = {isa = PBXBuildFile; fileRef = 6C01F0901C7ABABC00BD5760 /* myCell.xib */; };
		6C01F0931C7ABC7700BD5760 /* myCellTableViewCell.swift in Sources */ = {isa = PBXBuildFile; fileRef = 6C01F0921C7ABC7700BD5760 /* myCellTableViewCell.swift */; };
		6C01F0951C7ABEFC00BD5760 /* myCell2.xib in Resources */ = {isa = PBXBuildFile; fileRef = 6C01F0941C7ABEFC00BD5760 /* myCell2.xib */; };
		6C01F0971C7AC01200BD5760 /* myCell2TableViewCell.swift in Sources */ = {isa = PBXBuildFile; fileRef = 6C01F0961C7AC01200BD5760 /* myCell2TableViewCell.swift */; };
		6C587C2B1C7A9B78009063F2 /* FavoritesViewController.swift in Sources */ = {isa = PBXBuildFile; fileRef = 6C587C2A1C7A9B78009063F2 /* FavoritesViewController.swift */; };
		6C587C2D1C7A9B99009063F2 /* HomeViewController.swift in Sources */ = {isa = PBXBuildFile; fileRef = 6C587C2C1C7A9B99009063F2 /* HomeViewController.swift */; };
		6C587C2F1C7A9BAA009063F2 /* MyRecipesViewController.swift in Sources */ = {isa = PBXBuildFile; fileRef = 6C587C2E1C7A9BAA009063F2 /* MyRecipesViewController.swift */; };
		6C71D78D1C7A252D005F266A /* AppDelegate.swift in Sources */ = {isa = PBXBuildFile; fileRef = 6C71D78C1C7A252D005F266A /* AppDelegate.swift */; };
		6C71D7941C7A252D005F266A /* Main.storyboard in Resources */ = {isa = PBXBuildFile; fileRef = 6C71D7921C7A252D005F266A /* Main.storyboard */; };
		6C71D7961C7A252D005F266A /* Assets.xcassets in Resources */ = {isa = PBXBuildFile; fileRef = 6C71D7951C7A252D005F266A /* Assets.xcassets */; };
		6C71D7991C7A252D005F266A /* LaunchScreen.storyboard in Resources */ = {isa = PBXBuildFile; fileRef = 6C71D7971C7A252D005F266A /* LaunchScreen.storyboard */; };
		6C71D7A41C7A252D005F266A /* EasyDishesProjectTests.swift in Sources */ = {isa = PBXBuildFile; fileRef = 6C71D7A31C7A252D005F266A /* EasyDishesProjectTests.swift */; };
		6C71D7AF1C7A252D005F266A /* EasyDishesProjectUITests.swift in Sources */ = {isa = PBXBuildFile; fileRef = 6C71D7AE1C7A252D005F266A /* EasyDishesProjectUITests.swift */; };
/* End PBXBuildFile section */

/* Begin PBXContainerItemProxy section */
		6C71D7A01C7A252D005F266A /* PBXContainerItemProxy */ = {
			isa = PBXContainerItemProxy;
			containerPortal = 6C71D7811C7A252D005F266A /* Project object */;
			proxyType = 1;
			remoteGlobalIDString = 6C71D7881C7A252D005F266A;
			remoteInfo = EasyDishesProject;
		};
		6C71D7AB1C7A252D005F266A /* PBXContainerItemProxy */ = {
			isa = PBXContainerItemProxy;
			containerPortal = 6C71D7811C7A252D005F266A /* Project object */;
			proxyType = 1;
			remoteGlobalIDString = 6C71D7881C7A252D005F266A;
			remoteInfo = EasyDishesProject;
		};
/* End PBXContainerItemProxy section */

/* Begin PBXFileReference section */
		6C01F0901C7ABABC00BD5760 /* myCell.xib */ = {isa = PBXFileReference; fileEncoding = 4; lastKnownFileType = file.xib; name = myCell.xib; path = ../myCell.xib; sourceTree = "<group>"; };
		6C01F0921C7ABC7700BD5760 /* myCellTableViewCell.swift */ = {isa = PBXFileReference; fileEncoding = 4; lastKnownFileType = sourcecode.swift; path = myCellTableViewCell.swift; sourceTree = "<group>"; };
		6C01F0941C7ABEFC00BD5760 /* myCell2.xib */ = {isa = PBXFileReference; fileEncoding = 4; lastKnownFileType = file.xib; path = myCell2.xib; sourceTree = "<group>"; };
		6C01F0961C7AC01200BD5760 /* myCell2TableViewCell.swift */ = {isa = PBXFileReference; fileEncoding = 4; lastKnownFileType = sourcecode.swift; path = myCell2TableViewCell.swift; sourceTree = "<group>"; };
		6C587C2A1C7A9B78009063F2 /* FavoritesViewController.swift */ = {isa = PBXFileReference; fileEncoding = 4; lastKnownFileType = sourcecode.swift; path = FavoritesViewController.swift; sourceTree = "<group>"; };
		6C587C2C1C7A9B99009063F2 /* HomeViewController.swift */ = {isa = PBXFileReference; fileEncoding = 4; lastKnownFileType = sourcecode.swift; path = HomeViewController.swift; sourceTree = "<group>"; };
		6C587C2E1C7A9BAA009063F2 /* MyRecipesViewController.swift */ = {isa = PBXFileReference; fileEncoding = 4; lastKnownFileType = sourcecode.swift; path = MyRecipesViewController.swift; sourceTree = "<group>"; };
		6C71D7891C7A252D005F266A /* EasyDishesProject.app */ = {isa = PBXFileReference; explicitFileType = wrapper.application; includeInIndex = 0; path = EasyDishesProject.app; sourceTree = BUILT_PRODUCTS_DIR; };
		6C71D78C1C7A252D005F266A /* AppDelegate.swift */ = {isa = PBXFileReference; lastKnownFileType = sourcecode.swift; path = AppDelegate.swift; sourceTree = "<group>"; };
		6C71D7931C7A252D005F266A /* Base */ = {isa = PBXFileReference; lastKnownFileType = file.storyboard; name = Base; path = Base.lproj/Main.storyboard; sourceTree = "<group>"; };
		6C71D7951C7A252D005F266A /* Assets.xcassets */ = {isa = PBXFileReference; lastKnownFileType = folder.assetcatalog; path = Assets.xcassets; sourceTree = "<group>"; };
		6C71D7981C7A252D005F266A /* Base */ = {isa = PBXFileReference; lastKnownFileType = file.storyboard; name = Base; path = Base.lproj/LaunchScreen.storyboard; sourceTree = "<group>"; };
		6C71D79A1C7A252D005F266A /* Info.plist */ = {isa = PBXFileReference; lastKnownFileType = text.plist.xml; path = Info.plist; sourceTree = "<group>"; };
		6C71D79F1C7A252D005F266A /* EasyDishesProjectTests.xctest */ = {isa = PBXFileReference; explicitFileType = wrapper.cfbundle; includeInIndex = 0; path = EasyDishesProjectTests.xctest; sourceTree = BUILT_PRODUCTS_DIR; };
		6C71D7A31C7A252D005F266A /* EasyDishesProjectTests.swift */ = {isa = PBXFileReference; lastKnownFileType = sourcecode.swift; path = EasyDishesProjectTests.swift; sourceTree = "<group>"; };
		6C71D7A51C7A252D005F266A /* Info.plist */ = {isa = PBXFileReference; lastKnownFileType = text.plist.xml; path = Info.plist; sourceTree = "<group>"; };
		6C71D7AA1C7A252D005F266A /* EasyDishesProjectUITests.xctest */ = {isa = PBXFileReference; explicitFileType = wrapper.cfbundle; includeInIndex = 0; path = EasyDishesProjectUITests.xctest; sourceTree = BUILT_PRODUCTS_DIR; };
		6C71D7AE1C7A252D005F266A /* EasyDishesProjectUITests.swift */ = {isa = PBXFileReference; lastKnownFileType = sourcecode.swift; path = EasyDishesProjectUITests.swift; sourceTree = "<group>"; };
		6C71D7B01C7A252D005F266A /* Info.plist */ = {isa = PBXFileReference; lastKnownFileType = text.plist.xml; path = Info.plist; sourceTree = "<group>"; };
/* End PBXFileReference section */

/* Begin PBXFrameworksBuildPhase section */
		6C71D7861C7A252D005F266A /* Frameworks */ = {
			isa = PBXFrameworksBuildPhase;
			buildActionMask = 2147483647;
			files = (
			);
			runOnlyForDeploymentPostprocessing = 0;
		};
		6C71D79C1C7A252D005F266A /* Frameworks */ = {
			isa = PBXFrameworksBuildPhase;
			buildActionMask = 2147483647;
			files = (
			);
			runOnlyForDeploymentPostprocessing = 0;
		};
		6C71D7A71C7A252D005F266A /* Frameworks */ = {
			isa = PBXFrameworksBuildPhase;
			buildActionMask = 2147483647;
			files = (
			);
			runOnlyForDeploymentPostprocessing = 0;
		};
/* End PBXFrameworksBuildPhase section */

/* Begin PBXGroup section */
		6C71D7801C7A252D005F266A = {
			isa = PBXGroup;
			children = (
				6C71D78B1C7A252D005F266A /* EasyDishesProject */,
				6C71D7A21C7A252D005F266A /* EasyDishesProjectTests */,
				6C71D7AD1C7A252D005F266A /* EasyDishesProjectUITests */,
				6C71D78A1C7A252D005F266A /* Products */,
			);
			sourceTree = "<group>";
		};
		6C71D78A1C7A252D005F266A /* Products */ = {
			isa = PBXGroup;
			children = (
				6C71D7891C7A252D005F266A /* EasyDishesProject.app */,
				6C71D79F1C7A252D005F266A /* EasyDishesProjectTests.xctest */,
				6C71D7AA1C7A252D005F266A /* EasyDishesProjectUITests.xctest */,
			);
			name = Products;
			sourceTree = "<group>";
		};
		6C71D78B1C7A252D005F266A /* EasyDishesProject */ = {
			isa = PBXGroup;
			children = (
				6C01F0901C7ABABC00BD5760 /* myCell.xib */,
				6C01F0941C7ABEFC00BD5760 /* myCell2.xib */,
				6C01F0961C7AC01200BD5760 /* myCell2TableViewCell.swift */,
				6C01F0921C7ABC7700BD5760 /* myCellTableViewCell.swift */,
				6C71D78C1C7A252D005F266A /* AppDelegate.swift */,
				6C587C2A1C7A9B78009063F2 /* FavoritesViewController.swift */,
				6C587C2C1C7A9B99009063F2 /* HomeViewController.swift */,
				6C587C2E1C7A9BAA009063F2 /* MyRecipesViewController.swift */,
				6C71D7921C7A252D005F266A /* Main.storyboard */,
				6C71D7951C7A252D005F266A /* Assets.xcassets */,
				6C71D7971C7A252D005F266A /* LaunchScreen.storyboard */,
				6C71D79A1C7A252D005F266A /* Info.plist */,
			);
			path = EasyDishesProject;
			sourceTree = "<group>";
		};
		6C71D7A21C7A252D005F266A /* EasyDishesProjectTests */ = {
			isa = PBXGroup;
			children = (
				6C71D7A31C7A252D005F266A /* EasyDishesProjectTests.swift */,
				6C71D7A51C7A252D005F266A /* Info.plist */,
			);
			path = EasyDishesProjectTests;
			sourceTree = "<group>";
		};
		6C71D7AD1C7A252D005F266A /* EasyDishesProjectUITests */ = {
			isa = PBXGroup;
			children = (
				6C71D7AE1C7A252D005F266A /* EasyDishesProjectUITests.swift */,
				6C71D7B01C7A252D005F266A /* Info.plist */,
			);
			path = EasyDishesProjectUITests;
			sourceTree = "<group>";
		};
/* End PBXGroup section */

/* Begin PBXNativeTarget section */
		6C71D7881C7A252D005F266A /* EasyDishesProject */ = {
			isa = PBXNativeTarget;
			buildConfigurationList = 6C71D7B31C7A252D005F266A /* Build configuration list for PBXNativeTarget "EasyDishesProject" */;
			buildPhases = (
				6C71D7851C7A252D005F266A /* Sources */,
				6C71D7861C7A252D005F266A /* Frameworks */,
				6C71D7871C7A252D005F266A /* Resources */,
			);
			buildRules = (
			);
			dependencies = (
			);
			name = EasyDishesProject;
			productName = EasyDishesProject;
			productReference = 6C71D7891C7A252D005F266A /* EasyDishesProject.app */;
			productType = "com.apple.product-type.application";
		};
		6C71D79E1C7A252D005F266A /* EasyDishesProjectTests */ = {
			isa = PBXNativeTarget;
			buildConfigurationList = 6C71D7B61C7A252D005F266A /* Build configuration list for PBXNativeTarget "EasyDishesProjectTests" */;
			buildPhases = (
				6C71D79B1C7A252D005F266A /* Sources */,
				6C71D79C1C7A252D005F266A /* Frameworks */,
				6C71D79D1C7A252D005F266A /* Resources */,
			);
			buildRules = (
			);
			dependencies = (
				6C71D7A11C7A252D005F266A /* PBXTargetDependency */,
			);
			name = EasyDishesProjectTests;
			productName = EasyDishesProjectTests;
			productReference = 6C71D79F1C7A252D005F266A /* EasyDishesProjectTests.xctest */;
			productType = "com.apple.product-type.bundle.unit-test";
		};
		6C71D7A91C7A252D005F266A /* EasyDishesProjectUITests */ = {
			isa = PBXNativeTarget;
			buildConfigurationList = 6C71D7B91C7A252D005F266A /* Build configuration list for PBXNativeTarget "EasyDishesProjectUITests" */;
			buildPhases = (
				6C71D7A61C7A252D005F266A /* Sources */,
				6C71D7A71C7A252D005F266A /* Frameworks */,
				6C71D7A81C7A252D005F266A /* Resources */,
			);
			buildRules = (
			);
			dependencies = (
				6C71D7AC1C7A252D005F266A /* PBXTargetDependency */,
			);
			name = EasyDishesProjectUITests;
			productName = EasyDishesProjectUITests;
			productReference = 6C71D7AA1C7A252D005F266A /* EasyDishesProjectUITests.xctest */;
			productType = "com.apple.product-type.bundle.ui-testing";
		};
/* End PBXNativeTarget section */

/* Begin PBXProject section */
		6C71D7811C7A252D005F266A /* Project object */ = {
			isa = PBXProject;
			attributes = {
				LastSwiftUpdateCheck = 0720;
				LastUpgradeCheck = 0720;
				ORGANIZATIONNAME = "Manuela Barbosa";
				TargetAttributes = {
					6C71D7881C7A252D005F266A = {
						CreatedOnToolsVersion = 7.2;
					};
					6C71D79E1C7A252D005F266A = {
						CreatedOnToolsVersion = 7.2;
						TestTargetID = 6C71D7881C7A252D005F266A;
					};
					6C71D7A91C7A252D005F266A = {
						CreatedOnToolsVersion = 7.2;
						TestTargetID = 6C71D7881C7A252D005F266A;
					};
				};
			};
			buildConfigurationList = 6C71D7841C7A252D005F266A /* Build configuration list for PBXProject "EasyDishesProject" */;
			compatibilityVersion = "Xcode 3.2";
			developmentRegion = English;
			hasScannedForEncodings = 0;
			knownRegions = (
				en,
				Base,
			);
			mainGroup = 6C71D7801C7A252D005F266A;
			productRefGroup = 6C71D78A1C7A252D005F266A /* Products */;
			projectDirPath = "";
			projectRoot = "";
			targets = (
				6C71D7881C7A252D005F266A /* EasyDishesProject */,
				6C71D79E1C7A252D005F266A /* EasyDishesProjectTests */,
				6C71D7A91C7A252D005F266A /* EasyDishesProjectUITests */,
			);
		};
/* End PBXProject section */

/* Begin PBXResourcesBuildPhase section */
		6C71D7871C7A252D005F266A /* Resources */ = {
			isa = PBXResourcesBuildPhase;
			buildActionMask = 2147483647;
			files = (
				6C71D7991C7A252D005F266A /* LaunchScreen.storyboard in Resources */,
				6C01F0911C7ABABD00BD5760 /* myCell.xib in Resources */,
				6C01F0951C7ABEFC00BD5760 /* myCell2.xib in Resources */,
				6C71D7961C7A252D005F266A /* Assets.xcassets in Resources */,
				6C71D7941C7A252D005F266A /* Main.storyboard in Resources */,
			);
			runOnlyForDeploymentPostprocessing = 0;
		};
		6C71D79D1C7A252D005F266A /* Resources */ = {
			isa = PBXResourcesBuildPhase;
			buildActionMask = 2147483647;
			files = (
			);
			runOnlyForDeploymentPostprocessing = 0;
		};
		6C71D7A81C7A252D005F266A /* Resources */ = {
			isa = PBXResourcesBuildPhase;
			buildActionMask = 2147483647;
			files = (
			);
			runOnlyForDeploymentPostprocessing = 0;
		};
/* End PBXResourcesBuildPhase section */

/* Begin PBXSourcesBuildPhase section */
		6C71D7851C7A252D005F266A /* Sources */ = {
			isa = PBXSourcesBuildPhase;
			buildActionMask = 2147483647;
			files = (
				6C587C2F1C7A9BAA009063F2 /* MyRecipesViewController.swift in Sources */,
				6C587C2B1C7A9B78009063F2 /* FavoritesViewController.swift in Sources */,
				6C71D78D1C7A252D005F266A /* AppDelegate.swift in Sources */,
				6C587C2D1C7A9B99009063F2 /* HomeViewController.swift in Sources */,
				6C01F0971C7AC01200BD5760 /* myCell2TableViewCell.swift in Sources */,
				6C01F0931C7ABC7700BD5760 /* myCellTableViewCell.swift in Sources */,
			);
			runOnlyForDeploymentPostprocessing = 0;
		};
		6C71D79B1C7A252D005F266A /* Sources */ = {
			isa = PBXSourcesBuildPhase;
			buildActionMask = 2147483647;
			files = (
				6C71D7A41C7A252D005F266A /* EasyDishesProjectTests.swift in Sources */,
			);
			runOnlyForDeploymentPostprocessing = 0;
		};
		6C71D7A61C7A252D005F266A /* Sources */ = {
			isa = PBXSourcesBuildPhase;
			buildActionMask = 2147483647;
			files = (
				6C71D7AF1C7A252D005F266A /* EasyDishesProjectUITests.swift in Sources */,
			);
			runOnlyForDeploymentPostprocessing = 0;
		};
/* End PBXSourcesBuildPhase section */

/* Begin PBXTargetDependency section */
		6C71D7A11C7A252D005F266A /* PBXTargetDependency */ = {
			isa = PBXTargetDependency;
			target = 6C71D7881C7A252D005F266A /* EasyDishesProject */;
			targetProxy = 6C71D7A01C7A252D005F266A /* PBXContainerItemProxy */;
		};
		6C71D7AC1C7A252D005F266A /* PBXTargetDependency */ = {
			isa = PBXTargetDependency;
			target = 6C71D7881C7A252D005F266A /* EasyDishesProject */;
			targetProxy = 6C71D7AB1C7A252D005F266A /* PBXContainerItemProxy */;
		};
/* End PBXTargetDependency section */

/* Begin PBXVariantGroup section */
		6C71D7921C7A252D005F266A /* Main.storyboard */ = {
			isa = PBXVariantGroup;
			children = (
				6C71D7931C7A252D005F266A /* Base */,
			);
			name = Main.storyboard;
			sourceTree = "<group>";
		};
		6C71D7971C7A252D005F266A /* LaunchScreen.storyboard */ = {
			isa = PBXVariantGroup;
			children = (
				6C71D7981C7A252D005F266A /* Base */,
			);
			name = LaunchScreen.storyboard;
			sourceTree = "<group>";
		};
/* End PBXVariantGroup section */

/* Begin XCBuildConfiguration section */
		6C71D7B11C7A252D005F266A /* Debug */ = {
			isa = XCBuildConfiguration;
			buildSettings = {
				ALWAYS_SEARCH_USER_PATHS = NO;
				CLANG_CXX_LANGUAGE_STANDARD = "gnu++0x";
				CLANG_CXX_LIBRARY = "libc++";
				CLANG_ENABLE_MODULES = YES;
				CLANG_ENABLE_OBJC_ARC = YES;
				CLANG_WARN_BOOL_CONVERSION = YES;
				CLANG_WARN_CONSTANT_CONVERSION = YES;
				CLANG_WARN_DIRECT_OBJC_ISA_USAGE = YES_ERROR;
				CLANG_WARN_EMPTY_BODY = YES;
				CLANG_WARN_ENUM_CONVERSION = YES;
				CLANG_WARN_INT_CONVERSION = YES;
				CLANG_WARN_OBJC_ROOT_CLASS = YES_ERROR;
				CLANG_WARN_UNREACHABLE_CODE = YES;
				CLANG_WARN__DUPLICATE_METHOD_MATCH = YES;
				"CODE_SIGN_IDENTITY[sdk=iphoneos*]" = "iPhone Developer";
				COPY_PHASE_STRIP = NO;
				DEBUG_INFORMATION_FORMAT = dwarf;
				ENABLE_STRICT_OBJC_MSGSEND = YES;
				ENABLE_TESTABILITY = YES;
				GCC_C_LANGUAGE_STANDARD = gnu99;
				GCC_DYNAMIC_NO_PIC = NO;
				GCC_NO_COMMON_BLOCKS = YES;
				GCC_OPTIMIZATION_LEVEL = 0;
				GCC_PREPROCESSOR_DEFINITIONS = (
					"DEBUG=1",
					"$(inherited)",
				);
				GCC_WARN_64_TO_32_BIT_CONVERSION = YES;
				GCC_WARN_ABOUT_RETURN_TYPE = YES_ERROR;
				GCC_WARN_UNDECLARED_SELECTOR = YES;
				GCC_WARN_UNINITIALIZED_AUTOS = YES_AGGRESSIVE;
				GCC_WARN_UNUSED_FUNCTION = YES;
				GCC_WARN_UNUSED_VARIABLE = YES;
				IPHONEOS_DEPLOYMENT_TARGET = 9.2;
				MTL_ENABLE_DEBUG_INFO = YES;
				ONLY_ACTIVE_ARCH = YES;
				SDKROOT = iphoneos;
				SWIFT_OPTIMIZATION_LEVEL = "-Onone";
				TARGETED_DEVICE_FAMILY = "1,2";
			};
			name = Debug;
		};
		6C71D7B21C7A252D005F266A /* Release */ = {
			isa = XCBuildConfiguration;
			buildSettings = {
				ALWAYS_SEARCH_USER_PATHS = NO;
				CLANG_CXX_LANGUAGE_STANDARD = "gnu++0x";
				CLANG_CXX_LIBRARY = "libc++";
				CLANG_ENABLE_MODULES = YES;
				CLANG_ENABLE_OBJC_ARC = YES;
				CLANG_WARN_BOOL_CONVERSION = YES;
				CLANG_WARN_CONSTANT_CONVERSION = YES;
				CLANG_WARN_DIRECT_OBJC_ISA_USAGE = YES_ERROR;
				CLANG_WARN_EMPTY_BODY = YES;
				CLANG_WARN_ENUM_CONVERSION = YES;
				CLANG_WARN_INT_CONVERSION = YES;
				CLANG_WARN_OBJC_ROOT_CLASS = YES_ERROR;
				CLANG_WARN_UNREACHABLE_CODE = YES;
				CLANG_WARN__DUPLICATE_METHOD_MATCH = YES;
				"CODE_SIGN_IDENTITY[sdk=iphoneos*]" = "iPhone Developer";
				COPY_PHASE_STRIP = NO;
				DEBUG_INFORMATION_FORMAT = "dwarf-with-dsym";
				ENABLE_NS_ASSERTIONS = NO;
				ENABLE_STRICT_OBJC_MSGSEND = YES;
				GCC_C_LANGUAGE_STANDARD = gnu99;
				GCC_NO_COMMON_BLOCKS = YES;
				GCC_WARN_64_TO_32_BIT_CONVERSION = YES;
				GCC_WARN_ABOUT_RETURN_TYPE = YES_ERROR;
				GCC_WARN_UNDECLARED_SELECTOR = YES;
				GCC_WARN_UNINITIALIZED_AUTOS = YES_AGGRESSIVE;
				GCC_WARN_UNUSED_FUNCTION = YES;
				GCC_WARN_UNUSED_VARIABLE = YES;
				IPHONEOS_DEPLOYMENT_TARGET = 9.2;
				MTL_ENABLE_DEBUG_INFO = NO;
				SDKROOT = iphoneos;
				TARGETED_DEVICE_FAMILY = "1,2";
				VALIDATE_PRODUCT = YES;
			};
			name = Release;
		};
		6C71D7B41C7A252D005F266A /* Debug */ = {
			isa = XCBuildConfiguration;
			buildSettings = {
				ASSETCATALOG_COMPILER_APPICON_NAME = AppIcon;
				INFOPLIST_FILE = EasyDishesProject/Info.plist;
				LD_RUNPATH_SEARCH_PATHS = "$(inherited) @executable_path/Frameworks";
				PRODUCT_BUNDLE_IDENTIFIER = msb3.EasyDishesProject;
				PRODUCT_NAME = "$(TARGET_NAME)";
			};
			name = Debug;
		};
		6C71D7B51C7A252D005F266A /* Release */ = {
			isa = XCBuildConfiguration;
			buildSettings = {
				ASSETCATALOG_COMPILER_APPICON_NAME = AppIcon;
				INFOPLIST_FILE = EasyDishesProject/Info.plist;
				LD_RUNPATH_SEARCH_PATHS = "$(inherited) @executable_path/Frameworks";
				PRODUCT_BUNDLE_IDENTIFIER = msb3.EasyDishesProject;
				PRODUCT_NAME = "$(TARGET_NAME)";
			};
			name = Release;
		};
		6C71D7B71C7A252D005F266A /* Debug */ = {
			isa = XCBuildConfiguration;
			buildSettings = {
				BUNDLE_LOADER = "$(TEST_HOST)";
				INFOPLIST_FILE = EasyDishesProjectTests/Info.plist;
				LD_RUNPATH_SEARCH_PATHS = "$(inherited) @executable_path/Frameworks @loader_path/Frameworks";
				PRODUCT_BUNDLE_IDENTIFIER = msb3.EasyDishesProjectTests;
				PRODUCT_NAME = "$(TARGET_NAME)";
				TEST_HOST = "$(BUILT_PRODUCTS_DIR)/EasyDishesProject.app/EasyDishesProject";
			};
			name = Debug;
		};
		6C71D7B81C7A252D005F266A /* Release */ = {
			isa = XCBuildConfiguration;
			buildSettings = {
				BUNDLE_LOADER = "$(TEST_HOST)";
				INFOPLIST_FILE = EasyDishesProjectTests/Info.plist;
				LD_RUNPATH_SEARCH_PATHS = "$(inherited) @executable_path/Frameworks @loader_path/Frameworks";
				PRODUCT_BUNDLE_IDENTIFIER = msb3.EasyDishesProjectTests;
				PRODUCT_NAME = "$(TARGET_NAME)";
				TEST_HOST = "$(BUILT_PRODUCTS_DIR)/EasyDishesProject.app/EasyDishesProject";
			};
			name = Release;
		};
		6C71D7BA1C7A252D005F266A /* Debug */ = {
			isa = XCBuildConfiguration;
			buildSettings = {
				INFOPLIST_FILE = EasyDishesProjectUITests/Info.plist;
				LD_RUNPATH_SEARCH_PATHS = "$(inherited) @executable_path/Frameworks @loader_path/Frameworks";
				PRODUCT_BUNDLE_IDENTIFIER = msb3.EasyDishesProjectUITests;
				PRODUCT_NAME = "$(TARGET_NAME)";
				TEST_TARGET_NAME = EasyDishesProject;
				USES_XCTRUNNER = YES;
			};
			name = Debug;
		};
		6C71D7BB1C7A252D005F266A /* Release */ = {
			isa = XCBuildConfiguration;
			buildSettings = {
				INFOPLIST_FILE = EasyDishesProjectUITests/Info.plist;
				LD_RUNPATH_SEARCH_PATHS = "$(inherited) @executable_path/Frameworks @loader_path/Frameworks";
				PRODUCT_BUNDLE_IDENTIFIER = msb3.EasyDishesProjectUITests;
				PRODUCT_NAME = "$(TARGET_NAME)";
				TEST_TARGET_NAME = EasyDishesProject;
				USES_XCTRUNNER = YES;
			};
			name = Release;
		};
/* End XCBuildConfiguration section */

/* Begin XCConfigurationList section */
		6C71D7841C7A252D005F266A /* Build configuration list for PBXProject "EasyDishesProject" */ = {
			isa = XCConfigurationList;
			buildConfigurations = (
				6C71D7B11C7A252D005F266A /* Debug */,
				6C71D7B21C7A252D005F266A /* Release */,
			);
			defaultConfigurationIsVisible = 0;
			defaultConfigurationName = Release;
		};
		6C71D7B31C7A252D005F266A /* Build configuration list for PBXNativeTarget "EasyDishesProject" */ = {
			isa = XCConfigurationList;
			buildConfigurations = (
				6C71D7B41C7A252D005F266A /* Debug */,
				6C71D7B51C7A252D005F266A /* Release */,
			);
			defaultConfigurationIsVisible = 0;
			defaultConfigurationName = Release;
		};
		6C71D7B61C7A252D005F266A /* Build configuration list for PBXNativeTarget "EasyDishesProjectTests" */ = {
			isa = XCConfigurationList;
			buildConfigurations = (
				6C71D7B71C7A252D005F266A /* Debug */,
				6C71D7B81C7A252D005F266A /* Release */,
			);
			defaultConfigurationIsVisible = 0;
			defaultConfigurationName = Release;
		};
		6C71D7B91C7A252D005F266A /* Build configuration list for PBXNativeTarget "EasyDishesProjectUITests" */ = {
			isa = XCConfigurationList;
			buildConfigurations = (
				6C71D7BA1C7A252D005F266A /* Debug */,
				6C71D7BB1C7A252D005F266A /* Release */,
			);
			defaultConfigurationIsVisible = 0;
			defaultConfigurationName = Release;
		};
/* End XCConfigurationList section */
	};
	rootObject = 6C71D7811C7A252D005F266A /* Project object */;
}
